
Microsoft Visual Studio Solution File, Format Version 12.00
# Visual Studio Version 16
VisualStudioVersion = 16.0.32106.194
MinimumVisualStudioVersion = 10.0.40219.1
Project("{FAE04EC0-301F-11D3-BF4B-00C04F79EFBC}") = "SquareClassLibrary", "SquareClassLibrary\SquareClassLibrary.csproj", "{BC68D3CB-1B77-4916-B4C2-61175EF9DFC4}"
EndProject
Project("{FAE04EC0-301F-11D3-BF4B-00C04F79EFBC}") = "SquareCalculatorLibrary.Tests", "SquareCalculatorLibrary.Tests\SquareCalculatorLibrary.Tests.csproj", "{AD572975-1169-404E-BC65-FD11912C1C42}"
EndProject
Global
	GlobalSection(SolutionConfigurationPlatforms) = preSolution
		Debug|Any CPU = Debug|Any CPU
		Release|Any CPU = Release|Any CPU
	EndGlobalSection
	GlobalSection(ProjectConfigurationPlatforms) = postSolution
		{BC68D3CB-1B77-4916-B4C2-61175EF9DFC4}.Debug|Any CPU.ActiveCfg = Debug|Any CPU
		{BC68D3CB-1B77-4916-B4C2-61175EF9DFC4}.Debug|Any CPU.Build.0 = Debug|Any CPU
		{BC68D3CB-1B77-4916-B4C2-61175EF9DFC4}.Release|Any CPU.ActiveCfg = Release|Any CPU
		{BC68D3CB-1B77-4916-B4C2-61175EF9DFC4}.Release|Any CPU.Build.0 = Release|Any CPU
		{AD572975-1169-404E-BC65-FD11912C1C42}.Debug|Any CPU.ActiveCfg = Debug|Any CPU
		{AD572975-1169-404E-BC65-FD11912C1C42}.Debug|Any CPU.Build.0 = Debug|Any CPU
		{AD572975-1169-404E-BC65-FD11912C1C42}.Release|Any CPU.ActiveCfg = Release|Any CPU
		{AD572975-1169-404E-BC65-FD11912C1C42}.Release|Any CPU.Build.0 = Release|Any CPU
	EndGlobalSection
	GlobalSection(SolutionProperties) = preSolution
		HideSolutionNode = FALSE
	EndGlobalSection
	GlobalSection(ExtensibilityGlobals) = postSolution
		SolutionGuid = {926424C5-9617-462C-B952-B6A6A226126B}
	EndGlobalSection
EndGlobal
